// !$*UTF8*$!
{
	archiveVersion = 1;
	classes = {
	};
	objectVersion = 46;
	objects = {

/* Begin PBXBuildFile section */
		39C34064214C442900E11D82 /* JSONResponse.swift in Sources */ = {isa = PBXBuildFile; fileRef = D8346A701D0B633700717A7D /* JSONResponse.swift */; };
		39C34065214C442900E11D82 /* WebApp.swift in Sources */ = {isa = PBXBuildFile; fileRef = D8346A671D0B619C00717A7D /* WebApp.swift */; };
		39C34066214C442900E11D82 /* SWGIWebApp.swift in Sources */ = {isa = PBXBuildFile; fileRef = D89711A11D25C0F2003DEB8D /* SWGIWebApp.swift */; };
		39C34067214C442900E11D82 /* JSONReader.swift in Sources */ = {isa = PBXBuildFile; fileRef = D8346A6E1D0B62F300717A7D /* JSONReader.swift */; };
		39C34068214C442900E11D82 /* Router.swift in Sources */ = {isa = PBXBuildFile; fileRef = D8346A721D0B636300717A7D /* Router.swift */; };
		39C34069214C442900E11D82 /* DelayResponse.swift in Sources */ = {isa = PBXBuildFile; fileRef = D8346A8C1D0B7A4600717A7D /* DelayResponse.swift */; };
		39C3406A214C442900E11D82 /* DataReader.swift in Sources */ = {isa = PBXBuildFile; fileRef = D8346A6A1D0B627300717A7D /* DataReader.swift */; };
		39C3406B214C442900E11D82 /* URLParametersReader.swift in Sources */ = {isa = PBXBuildFile; fileRef = D8346A6C1D0B62D400717A7D /* URLParametersReader.swift */; };
		39C3406C214C442900E11D82 /* DataResponse.swift in Sources */ = {isa = PBXBuildFile; fileRef = D8346A651D0B616C00717A7D /* DataResponse.swift */; };
		39C3407A214C442B00E11D82 /* JSONReaderTests.swift in Sources */ = {isa = PBXBuildFile; fileRef = D8346A861D0B73B800717A7D /* JSONReaderTests.swift */; };
		39C3407B214C442B00E11D82 /* URLParametersReaderTests.swift in Sources */ = {isa = PBXBuildFile; fileRef = D8346A881D0B745A00717A7D /* URLParametersReaderTests.swift */; };
		39C3407C214C442B00E11D82 /* DataReaderTests.swift in Sources */ = {isa = PBXBuildFile; fileRef = D8346A841D0B728300717A7D /* DataReaderTests.swift */; };
		39C3407D214C442B00E11D82 /* JSONResponseTests.swift in Sources */ = {isa = PBXBuildFile; fileRef = D8346A821D0B6DC800717A7D /* JSONResponseTests.swift */; };
		39C3407E214C442B00E11D82 /* RouterTests.swift in Sources */ = {isa = PBXBuildFile; fileRef = D8346A8A1D0B777700717A7D /* RouterTests.swift */; };
		39C3407F214C442B00E11D82 /* DataResponseTests.swift in Sources */ = {isa = PBXBuildFile; fileRef = D8346A591D0B5FB300717A7D /* DataResponseTests.swift */; };
		39C34081214C442B00E11D82 /* Ambassador.framework in Frameworks */ = {isa = PBXBuildFile; fileRef = D8346A4A1D0B5FB200717A7D /* Ambassador.framework */; };
		39C34089214C457100E11D82 /* Embassy.framework in Frameworks */ = {isa = PBXBuildFile; fileRef = 39C34088214C457100E11D82 /* Embassy.framework */; };
		829EE9B81FB8BCB30087A27D /* DelayResponse.swift in Sources */ = {isa = PBXBuildFile; fileRef = D8346A8C1D0B7A4600717A7D /* DelayResponse.swift */; };
		AA67329E1DE93849003ABD4E /* Ambassador.framework in Frameworks */ = {isa = PBXBuildFile; fileRef = AA6732951DE93849003ABD4E /* Ambassador.framework */; };
		AA6732AC1DE938DC003ABD4E /* DataResponse.swift in Sources */ = {isa = PBXBuildFile; fileRef = D8346A651D0B616C00717A7D /* DataResponse.swift */; };
		AA6732AD1DE938DC003ABD4E /* JSONResponse.swift in Sources */ = {isa = PBXBuildFile; fileRef = D8346A701D0B633700717A7D /* JSONResponse.swift */; };
		AA6732AE1DE938DC003ABD4E /* DataReader.swift in Sources */ = {isa = PBXBuildFile; fileRef = D8346A6A1D0B627300717A7D /* DataReader.swift */; };
		AA6732AF1DE938DC003ABD4E /* JSONReader.swift in Sources */ = {isa = PBXBuildFile; fileRef = D8346A6E1D0B62F300717A7D /* JSONReader.swift */; };
		AA6732B01DE938DC003ABD4E /* URLParametersReader.swift in Sources */ = {isa = PBXBuildFile; fileRef = D8346A6C1D0B62D400717A7D /* URLParametersReader.swift */; };
		AA6732B11DE938DC003ABD4E /* WebApp.swift in Sources */ = {isa = PBXBuildFile; fileRef = D8346A671D0B619C00717A7D /* WebApp.swift */; };
		AA6732B21DE938DC003ABD4E /* SWGIWebApp.swift in Sources */ = {isa = PBXBuildFile; fileRef = D89711A11D25C0F2003DEB8D /* SWGIWebApp.swift */; };
		AA6732B31DE938DC003ABD4E /* Router.swift in Sources */ = {isa = PBXBuildFile; fileRef = D8346A721D0B636300717A7D /* Router.swift */; };
		AA6732B41DE938E1003ABD4E /* DataResponseTests.swift in Sources */ = {isa = PBXBuildFile; fileRef = D8346A591D0B5FB300717A7D /* DataResponseTests.swift */; };
		AA6732B51DE938E1003ABD4E /* JSONResponseTests.swift in Sources */ = {isa = PBXBuildFile; fileRef = D8346A821D0B6DC800717A7D /* JSONResponseTests.swift */; };
		AA6732B61DE938E1003ABD4E /* DataReaderTests.swift in Sources */ = {isa = PBXBuildFile; fileRef = D8346A841D0B728300717A7D /* DataReaderTests.swift */; };
		AA6732B71DE938E1003ABD4E /* JSONReaderTests.swift in Sources */ = {isa = PBXBuildFile; fileRef = D8346A861D0B73B800717A7D /* JSONReaderTests.swift */; };
		AA6732B81DE938E1003ABD4E /* URLParametersReaderTests.swift in Sources */ = {isa = PBXBuildFile; fileRef = D8346A881D0B745A00717A7D /* URLParametersReaderTests.swift */; };
		AA6732B91DE938E1003ABD4E /* RouterTests.swift in Sources */ = {isa = PBXBuildFile; fileRef = D8346A8A1D0B777700717A7D /* RouterTests.swift */; };
		AA6732BD1DE9396B003ABD4E /* Embassy.framework in Frameworks */ = {isa = PBXBuildFile; fileRef = AA6732BC1DE9396B003ABD4E /* Embassy.framework */; };
		D8346A551D0B5FB300717A7D /* Ambassador.framework in Frameworks */ = {isa = PBXBuildFile; fileRef = D8346A4A1D0B5FB200717A7D /* Ambassador.framework */; };
		D8346A5A1D0B5FB300717A7D /* DataResponseTests.swift in Sources */ = {isa = PBXBuildFile; fileRef = D8346A591D0B5FB300717A7D /* DataResponseTests.swift */; };
		D8346A661D0B616C00717A7D /* DataResponse.swift in Sources */ = {isa = PBXBuildFile; fileRef = D8346A651D0B616C00717A7D /* DataResponse.swift */; };
		D8346A681D0B619C00717A7D /* WebApp.swift in Sources */ = {isa = PBXBuildFile; fileRef = D8346A671D0B619C00717A7D /* WebApp.swift */; };
		D8346A6B1D0B627300717A7D /* DataReader.swift in Sources */ = {isa = PBXBuildFile; fileRef = D8346A6A1D0B627300717A7D /* DataReader.swift */; };
		D8346A6D1D0B62D400717A7D /* URLParametersReader.swift in Sources */ = {isa = PBXBuildFile; fileRef = D8346A6C1D0B62D400717A7D /* URLParametersReader.swift */; };
		D8346A6F1D0B62F300717A7D /* JSONReader.swift in Sources */ = {isa = PBXBuildFile; fileRef = D8346A6E1D0B62F300717A7D /* JSONReader.swift */; };
		D8346A711D0B633700717A7D /* JSONResponse.swift in Sources */ = {isa = PBXBuildFile; fileRef = D8346A701D0B633700717A7D /* JSONResponse.swift */; };
		D8346A731D0B636300717A7D /* Router.swift in Sources */ = {isa = PBXBuildFile; fileRef = D8346A721D0B636300717A7D /* Router.swift */; };
		D8346A7E1D0B674F00717A7D /* Embassy.framework in Frameworks */ = {isa = PBXBuildFile; fileRef = D8346A7D1D0B674F00717A7D /* Embassy.framework */; };
		D8346A831D0B6DC800717A7D /* JSONResponseTests.swift in Sources */ = {isa = PBXBuildFile; fileRef = D8346A821D0B6DC800717A7D /* JSONResponseTests.swift */; };
		D8346A851D0B728300717A7D /* DataReaderTests.swift in Sources */ = {isa = PBXBuildFile; fileRef = D8346A841D0B728300717A7D /* DataReaderTests.swift */; };
		D8346A871D0B73B800717A7D /* JSONReaderTests.swift in Sources */ = {isa = PBXBuildFile; fileRef = D8346A861D0B73B800717A7D /* JSONReaderTests.swift */; };
		D8346A891D0B745A00717A7D /* URLParametersReaderTests.swift in Sources */ = {isa = PBXBuildFile; fileRef = D8346A881D0B745A00717A7D /* URLParametersReaderTests.swift */; };
		D8346A8B1D0B777700717A7D /* RouterTests.swift in Sources */ = {isa = PBXBuildFile; fileRef = D8346A8A1D0B777700717A7D /* RouterTests.swift */; };
		D8346A8D1D0B7A4600717A7D /* DelayResponse.swift in Sources */ = {isa = PBXBuildFile; fileRef = D8346A8C1D0B7A4600717A7D /* DelayResponse.swift */; };
		D89711A21D25C0F2003DEB8D /* SWGIWebApp.swift in Sources */ = {isa = PBXBuildFile; fileRef = D89711A11D25C0F2003DEB8D /* SWGIWebApp.swift */; };
/* End PBXBuildFile section */

/* Begin PBXContainerItemProxy section */
		39C34078214C442B00E11D82 /* PBXContainerItemProxy */ = {
			isa = PBXContainerItemProxy;
			containerPortal = D8346A411D0B5FB200717A7D /* Project object */;
			proxyType = 1;
			remoteGlobalIDString = D8346A491D0B5FB200717A7D;
			remoteInfo = Ambassador;
		};
		AA67329F1DE93849003ABD4E /* PBXContainerItemProxy */ = {
			isa = PBXContainerItemProxy;
			containerPortal = D8346A411D0B5FB200717A7D /* Project object */;
			proxyType = 1;
			remoteGlobalIDString = AA6732941DE93849003ABD4E;
			remoteInfo = "Ambassador-macOS";
		};
		D8346A561D0B5FB300717A7D /* PBXContainerItemProxy */ = {
			isa = PBXContainerItemProxy;
			containerPortal = D8346A411D0B5FB200717A7D /* Project object */;
			proxyType = 1;
			remoteGlobalIDString = D8346A491D0B5FB200717A7D;
			remoteInfo = Ambassador;
		};
/* End PBXContainerItemProxy section */

/* Begin PBXFileReference section */
		39C34074214C442900E11D82 /* Ambassador.framework */ = {isa = PBXFileReference; explicitFileType = wrapper.framework; includeInIndex = 0; path = Ambassador.framework; sourceTree = BUILT_PRODUCTS_DIR; };
		39C34086214C442B00E11D82 /* Ambassador-tvOSTests.xctest */ = {isa = PBXFileReference; explicitFileType = wrapper.cfbundle; includeInIndex = 0; path = "Ambassador-tvOSTests.xctest"; sourceTree = BUILT_PRODUCTS_DIR; };
		39C34088214C457100E11D82 /* Embassy.framework */ = {isa = PBXFileReference; lastKnownFileType = wrapper.framework; name = Embassy.framework; path = Carthage/Build/tvOS/Embassy.framework; sourceTree = "<group>"; };
		AA6732951DE93849003ABD4E /* Ambassador.framework */ = {isa = PBXFileReference; explicitFileType = wrapper.framework; includeInIndex = 0; path = Ambassador.framework; sourceTree = BUILT_PRODUCTS_DIR; };
		AA67329D1DE93849003ABD4E /* Ambassador-macOSTests.xctest */ = {isa = PBXFileReference; explicitFileType = wrapper.cfbundle; includeInIndex = 0; path = "Ambassador-macOSTests.xctest"; sourceTree = BUILT_PRODUCTS_DIR; };
		AA6732BC1DE9396B003ABD4E /* Embassy.framework */ = {isa = PBXFileReference; lastKnownFileType = wrapper.framework; name = Embassy.framework; path = ../Embassy/build/Debug/Embassy.framework; sourceTree = "<group>"; };
		D8346A4A1D0B5FB200717A7D /* Ambassador.framework */ = {isa = PBXFileReference; explicitFileType = wrapper.framework; includeInIndex = 0; path = Ambassador.framework; sourceTree = BUILT_PRODUCTS_DIR; };
		D8346A541D0B5FB300717A7D /* Ambassador-iOSTests.xctest */ = {isa = PBXFileReference; explicitFileType = wrapper.cfbundle; includeInIndex = 0; path = "Ambassador-iOSTests.xctest"; sourceTree = BUILT_PRODUCTS_DIR; };
		D8346A591D0B5FB300717A7D /* DataResponseTests.swift */ = {isa = PBXFileReference; lastKnownFileType = sourcecode.swift; path = DataResponseTests.swift; sourceTree = "<group>"; };
		D8346A651D0B616C00717A7D /* DataResponse.swift */ = {isa = PBXFileReference; fileEncoding = 4; lastKnownFileType = sourcecode.swift; path = DataResponse.swift; sourceTree = "<group>"; };
		D8346A671D0B619C00717A7D /* WebApp.swift */ = {isa = PBXFileReference; fileEncoding = 4; lastKnownFileType = sourcecode.swift; path = WebApp.swift; sourceTree = "<group>"; };
		D8346A6A1D0B627300717A7D /* DataReader.swift */ = {isa = PBXFileReference; fileEncoding = 4; lastKnownFileType = sourcecode.swift; path = DataReader.swift; sourceTree = "<group>"; };
		D8346A6C1D0B62D400717A7D /* URLParametersReader.swift */ = {isa = PBXFileReference; fileEncoding = 4; lastKnownFileType = sourcecode.swift; path = URLParametersReader.swift; sourceTree = "<group>"; };
		D8346A6E1D0B62F300717A7D /* JSONReader.swift */ = {isa = PBXFileReference; fileEncoding = 4; lastKnownFileType = sourcecode.swift; path = JSONReader.swift; sourceTree = "<group>"; };
		D8346A701D0B633700717A7D /* JSONResponse.swift */ = {isa = PBXFileReference; fileEncoding = 4; lastKnownFileType = sourcecode.swift; path = JSONResponse.swift; sourceTree = "<group>"; };
		D8346A721D0B636300717A7D /* Router.swift */ = {isa = PBXFileReference; fileEncoding = 4; lastKnownFileType = sourcecode.swift; path = Router.swift; sourceTree = "<group>"; };
		D8346A7D1D0B674F00717A7D /* Embassy.framework */ = {isa = PBXFileReference; lastKnownFileType = wrapper.framework; name = Embassy.framework; path = "Carthage/Checkouts/Embassy/build/Debug-iphoneos/Embassy.framework"; sourceTree = "<group>"; };
		D8346A821D0B6DC800717A7D /* JSONResponseTests.swift */ = {isa = PBXFileReference; fileEncoding = 4; lastKnownFileType = sourcecode.swift; path = JSONResponseTests.swift; sourceTree = "<group>"; };
		D8346A841D0B728300717A7D /* DataReaderTests.swift */ = {isa = PBXFileReference; fileEncoding = 4; lastKnownFileType = sourcecode.swift; path = DataReaderTests.swift; sourceTree = "<group>"; };
		D8346A861D0B73B800717A7D /* JSONReaderTests.swift */ = {isa = PBXFileReference; fileEncoding = 4; lastKnownFileType = sourcecode.swift; path = JSONReaderTests.swift; sourceTree = "<group>"; };
		D8346A881D0B745A00717A7D /* URLParametersReaderTests.swift */ = {isa = PBXFileReference; fileEncoding = 4; lastKnownFileType = sourcecode.swift; path = URLParametersReaderTests.swift; sourceTree = "<group>"; };
		D8346A8A1D0B777700717A7D /* RouterTests.swift */ = {isa = PBXFileReference; fileEncoding = 4; lastKnownFileType = sourcecode.swift; path = RouterTests.swift; sourceTree = "<group>"; };
		D8346A8C1D0B7A4600717A7D /* DelayResponse.swift */ = {isa = PBXFileReference; fileEncoding = 4; lastKnownFileType = sourcecode.swift; path = DelayResponse.swift; sourceTree = "<group>"; };
		D87260671E0C6D3E008572ED /* Info.plist */ = {isa = PBXFileReference; fileEncoding = 4; lastKnownFileType = text.plist.xml; path = Info.plist; sourceTree = "<group>"; };
		D872606A1E0C6D9D008572ED /* Info.plist */ = {isa = PBXFileReference; fileEncoding = 4; lastKnownFileType = text.plist.xml; path = Info.plist; sourceTree = "<group>"; };
		D872606C1E0C9D41008572ED /* Ambassador.h */ = {isa = PBXFileReference; fileEncoding = 4; lastKnownFileType = sourcecode.c.h; path = Ambassador.h; sourceTree = "<group>"; };
		D89711A11D25C0F2003DEB8D /* SWGIWebApp.swift */ = {isa = PBXFileReference; fileEncoding = 4; lastKnownFileType = sourcecode.swift; path = SWGIWebApp.swift; sourceTree = "<group>"; };
/* End PBXFileReference section */

/* Begin PBXFrameworksBuildPhase section */
		39C3406D214C442900E11D82 /* Frameworks */ = {
			isa = PBXFrameworksBuildPhase;
			buildActionMask = 2147483647;
			files = (
				39C34089214C457100E11D82 /* Embassy.framework in Frameworks */,
			);
			runOnlyForDeploymentPostprocessing = 0;
		};
		39C34080214C442B00E11D82 /* Frameworks */ = {
			isa = PBXFrameworksBuildPhase;
			buildActionMask = 2147483647;
			files = (
				39C34081214C442B00E11D82 /* Ambassador.framework in Frameworks */,
			);
			runOnlyForDeploymentPostprocessing = 0;
		};
		AA6732911DE93849003ABD4E /* Frameworks */ = {
			isa = PBXFrameworksBuildPhase;
			buildActionMask = 2147483647;
			files = (
				AA6732BD1DE9396B003ABD4E /* Embassy.framework in Frameworks */,
			);
			runOnlyForDeploymentPostprocessing = 0;
		};
		AA67329A1DE93849003ABD4E /* Frameworks */ = {
			isa = PBXFrameworksBuildPhase;
			buildActionMask = 2147483647;
			files = (
				AA67329E1DE93849003ABD4E /* Ambassador.framework in Frameworks */,
			);
			runOnlyForDeploymentPostprocessing = 0;
		};
		D8346A461D0B5FB200717A7D /* Frameworks */ = {
			isa = PBXFrameworksBuildPhase;
			buildActionMask = 2147483647;
			files = (
				D8346A7E1D0B674F00717A7D /* Embassy.framework in Frameworks */,
			);
			runOnlyForDeploymentPostprocessing = 0;
		};
		D8346A511D0B5FB300717A7D /* Frameworks */ = {
			isa = PBXFrameworksBuildPhase;
			buildActionMask = 2147483647;
			files = (
				D8346A551D0B5FB300717A7D /* Ambassador.framework in Frameworks */,
			);
			runOnlyForDeploymentPostprocessing = 0;
		};
/* End PBXFrameworksBuildPhase section */

/* Begin PBXGroup section */
		D8346A401D0B5FB200717A7D = {
			isa = PBXGroup;
			children = (
				D8346A4C1D0B5FB300717A7D /* Ambassador */,
				D8346A581D0B5FB300717A7D /* AmbassadorTests */,
				D8346A4B1D0B5FB200717A7D /* Products */,
				D8346A7F1D0B675C00717A7D /* Frameworks */,
			);
			indentWidth = 4;
			sourceTree = "<group>";
			tabWidth = 4;
		};
		D8346A4B1D0B5FB200717A7D /* Products */ = {
			isa = PBXGroup;
			children = (
				D8346A4A1D0B5FB200717A7D /* Ambassador.framework */,
				D8346A541D0B5FB300717A7D /* Ambassador-iOSTests.xctest */,
				AA6732951DE93849003ABD4E /* Ambassador.framework */,
				AA67329D1DE93849003ABD4E /* Ambassador-macOSTests.xctest */,
				39C34074214C442900E11D82 /* Ambassador.framework */,
				39C34086214C442B00E11D82 /* Ambassador-tvOSTests.xctest */,
			);
			name = Products;
			sourceTree = "<group>";
		};
		D8346A4C1D0B5FB300717A7D /* Ambassador */ = {
			isa = PBXGroup;
			children = (
				D8346A641D0B614800717A7D /* Responses */,
				D8346A691D0B622D00717A7D /* Readers */,
				D87260661E0C6D10008572ED /* Supporting Files */,
				D872606C1E0C9D41008572ED /* Ambassador.h */,
				D8346A671D0B619C00717A7D /* WebApp.swift */,
				D89711A11D25C0F2003DEB8D /* SWGIWebApp.swift */,
				D8346A721D0B636300717A7D /* Router.swift */,
			);
			path = Ambassador;
			sourceTree = "<group>";
		};
		D8346A581D0B5FB300717A7D /* AmbassadorTests */ = {
			isa = PBXGroup;
			children = (
				D87260691E0C6D42008572ED /* Supporting Files */,
				D8346A591D0B5FB300717A7D /* DataResponseTests.swift */,
				D8346A821D0B6DC800717A7D /* JSONResponseTests.swift */,
				D8346A841D0B728300717A7D /* DataReaderTests.swift */,
				D8346A861D0B73B800717A7D /* JSONReaderTests.swift */,
				D8346A881D0B745A00717A7D /* URLParametersReaderTests.swift */,
				D8346A8A1D0B777700717A7D /* RouterTests.swift */,
			);
			path = AmbassadorTests;
			sourceTree = "<group>";
		};
		D8346A641D0B614800717A7D /* Responses */ = {
			isa = PBXGroup;
			children = (
				D8346A651D0B616C00717A7D /* DataResponse.swift */,
				D8346A701D0B633700717A7D /* JSONResponse.swift */,
				D8346A8C1D0B7A4600717A7D /* DelayResponse.swift */,
			);
			path = Responses;
			sourceTree = "<group>";
		};
		D8346A691D0B622D00717A7D /* Readers */ = {
			isa = PBXGroup;
			children = (
				D8346A6A1D0B627300717A7D /* DataReader.swift */,
				D8346A6E1D0B62F300717A7D /* JSONReader.swift */,
				D8346A6C1D0B62D400717A7D /* URLParametersReader.swift */,
			);
			path = Readers;
			sourceTree = "<group>";
		};
		D8346A7F1D0B675C00717A7D /* Frameworks */ = {
			isa = PBXGroup;
			children = (
				39C34088214C457100E11D82 /* Embassy.framework */,
				AA6732BC1DE9396B003ABD4E /* Embassy.framework */,
				D8346A7D1D0B674F00717A7D /* Embassy.framework */,
			);
			name = Frameworks;
			sourceTree = "<group>";
		};
		D87260661E0C6D10008572ED /* Supporting Files */ = {
			isa = PBXGroup;
			children = (
				D87260671E0C6D3E008572ED /* Info.plist */,
			);
			name = "Supporting Files";
			sourceTree = "<group>";
		};
		D87260691E0C6D42008572ED /* Supporting Files */ = {
			isa = PBXGroup;
			children = (
				D872606A1E0C6D9D008572ED /* Info.plist */,
			);
			name = "Supporting Files";
			sourceTree = "<group>";
		};
/* End PBXGroup section */

/* Begin PBXHeadersBuildPhase section */
		39C3406F214C442900E11D82 /* Headers */ = {
			isa = PBXHeadersBuildPhase;
			buildActionMask = 2147483647;
			files = (
			);
			runOnlyForDeploymentPostprocessing = 0;
		};
		AA6732921DE93849003ABD4E /* Headers */ = {
			isa = PBXHeadersBuildPhase;
			buildActionMask = 2147483647;
			files = (
			);
			runOnlyForDeploymentPostprocessing = 0;
		};
		D8346A471D0B5FB200717A7D /* Headers */ = {
			isa = PBXHeadersBuildPhase;
			buildActionMask = 2147483647;
			files = (
			);
			runOnlyForDeploymentPostprocessing = 0;
		};
/* End PBXHeadersBuildPhase section */

/* Begin PBXNativeTarget section */
		39C34062214C442900E11D82 /* Ambassador-tvOS */ = {
			isa = PBXNativeTarget;
			buildConfigurationList = 39C34071214C442900E11D82 /* Build configuration list for PBXNativeTarget "Ambassador-tvOS" */;
			buildPhases = (
				39C34063214C442900E11D82 /* Sources */,
				39C3406D214C442900E11D82 /* Frameworks */,
				39C3406F214C442900E11D82 /* Headers */,
				39C34070214C442900E11D82 /* Resources */,
			);
			buildRules = (
			);
			dependencies = (
			);
			name = "Ambassador-tvOS";
			productName = Ambassador;
			productReference = 39C34074214C442900E11D82 /* Ambassador.framework */;
			productType = "com.apple.product-type.framework";
		};
		39C34076214C442B00E11D82 /* Ambassador-tvOSTests */ = {
			isa = PBXNativeTarget;
			buildConfigurationList = 39C34083214C442B00E11D82 /* Build configuration list for PBXNativeTarget "Ambassador-tvOSTests" */;
			buildPhases = (
				39C34079214C442B00E11D82 /* Sources */,
				39C34080214C442B00E11D82 /* Frameworks */,
				39C34082214C442B00E11D82 /* Resources */,
			);
			buildRules = (
			);
			dependencies = (
				39C34077214C442B00E11D82 /* PBXTargetDependency */,
			);
			name = "Ambassador-tvOSTests";
			productName = AmbassadorTests;
			productReference = 39C34086214C442B00E11D82 /* Ambassador-tvOSTests.xctest */;
			productType = "com.apple.product-type.bundle.unit-test";
		};
		AA6732941DE93849003ABD4E /* Ambassador-macOS */ = {
			isa = PBXNativeTarget;
			buildConfigurationList = AA6732AA1DE93849003ABD4E /* Build configuration list for PBXNativeTarget "Ambassador-macOS" */;
			buildPhases = (
				AA6732901DE93849003ABD4E /* Sources */,
				AA6732911DE93849003ABD4E /* Frameworks */,
				AA6732921DE93849003ABD4E /* Headers */,
				AA6732931DE93849003ABD4E /* Resources */,
			);
			buildRules = (
			);
			dependencies = (
			);
			name = "Ambassador-macOS";
			productName = "Ambassador-macOS";
			productReference = AA6732951DE93849003ABD4E /* Ambassador.framework */;
			productType = "com.apple.product-type.framework";
		};
		AA67329C1DE93849003ABD4E /* Ambassador-macOSTests */ = {
			isa = PBXNativeTarget;
			buildConfigurationList = AA6732AB1DE93849003ABD4E /* Build configuration list for PBXNativeTarget "Ambassador-macOSTests" */;
			buildPhases = (
				AA6732991DE93849003ABD4E /* Sources */,
				AA67329A1DE93849003ABD4E /* Frameworks */,
				AA67329B1DE93849003ABD4E /* Resources */,
			);
			buildRules = (
			);
			dependencies = (
				AA6732A01DE93849003ABD4E /* PBXTargetDependency */,
			);
			name = "Ambassador-macOSTests";
			productName = "Ambassador-macOSTests";
			productReference = AA67329D1DE93849003ABD4E /* Ambassador-macOSTests.xctest */;
			productType = "com.apple.product-type.bundle.unit-test";
		};
		D8346A491D0B5FB200717A7D /* Ambassador-iOS */ = {
			isa = PBXNativeTarget;
			buildConfigurationList = D8346A5E1D0B5FB300717A7D /* Build configuration list for PBXNativeTarget "Ambassador-iOS" */;
			buildPhases = (
				D8346A451D0B5FB200717A7D /* Sources */,
				D8346A461D0B5FB200717A7D /* Frameworks */,
				D8346A471D0B5FB200717A7D /* Headers */,
				D8346A481D0B5FB200717A7D /* Resources */,
			);
			buildRules = (
			);
			dependencies = (
			);
			name = "Ambassador-iOS";
			productName = Ambassador;
			productReference = D8346A4A1D0B5FB200717A7D /* Ambassador.framework */;
			productType = "com.apple.product-type.framework";
		};
		D8346A531D0B5FB300717A7D /* Ambassador-iOSTests */ = {
			isa = PBXNativeTarget;
			buildConfigurationList = D8346A611D0B5FB300717A7D /* Build configuration list for PBXNativeTarget "Ambassador-iOSTests" */;
			buildPhases = (
				D8346A501D0B5FB300717A7D /* Sources */,
				D8346A511D0B5FB300717A7D /* Frameworks */,
				D8346A521D0B5FB300717A7D /* Resources */,
			);
			buildRules = (
			);
			dependencies = (
				D8346A571D0B5FB300717A7D /* PBXTargetDependency */,
			);
			name = "Ambassador-iOSTests";
			productName = AmbassadorTests;
			productReference = D8346A541D0B5FB300717A7D /* Ambassador-iOSTests.xctest */;
			productType = "com.apple.product-type.bundle.unit-test";
		};
/* End PBXNativeTarget section */

/* Begin PBXProject section */
		D8346A411D0B5FB200717A7D /* Project object */ = {
			isa = PBXProject;
			attributes = {
				LastSwiftUpdateCheck = 0810;
				LastUpgradeCheck = 0900;
				ORGANIZATIONNAME = "Fang-Pen Lin";
				TargetAttributes = {
					AA6732941DE93849003ABD4E = {
						CreatedOnToolsVersion = 8.1;
						ProvisioningStyle = Automatic;
					};
					AA67329C1DE93849003ABD4E = {
						CreatedOnToolsVersion = 8.1;
						ProvisioningStyle = Automatic;
					};
					D8346A491D0B5FB200717A7D = {
						CreatedOnToolsVersion = 7.3.1;
						LastSwiftMigration = 0800;
					};
					D8346A531D0B5FB300717A7D = {
						CreatedOnToolsVersion = 7.3.1;
						LastSwiftMigration = 0800;
					};
				};
			};
			buildConfigurationList = D8346A441D0B5FB200717A7D /* Build configuration list for PBXProject "Ambassador" */;
			compatibilityVersion = "Xcode 3.2";
			developmentRegion = English;
			hasScannedForEncodings = 0;
			knownRegions = (
				en,
			);
			mainGroup = D8346A401D0B5FB200717A7D;
			productRefGroup = D8346A4B1D0B5FB200717A7D /* Products */;
			projectDirPath = "";
			projectRoot = "";
			targets = (
				D8346A491D0B5FB200717A7D /* Ambassador-iOS */,
				D8346A531D0B5FB300717A7D /* Ambassador-iOSTests */,
				AA6732941DE93849003ABD4E /* Ambassador-macOS */,
				AA67329C1DE93849003ABD4E /* Ambassador-macOSTests */,
				39C34062214C442900E11D82 /* Ambassador-tvOS */,
				39C34076214C442B00E11D82 /* Ambassador-tvOSTests */,
			);
		};
/* End PBXProject section */

/* Begin PBXResourcesBuildPhase section */
		39C34070214C442900E11D82 /* Resources */ = {
			isa = PBXResourcesBuildPhase;
			buildActionMask = 2147483647;
			files = (
			);
			runOnlyForDeploymentPostprocessing = 0;
		};
		39C34082214C442B00E11D82 /* Resources */ = {
			isa = PBXResourcesBuildPhase;
			buildActionMask = 2147483647;
			files = (
			);
			runOnlyForDeploymentPostprocessing = 0;
		};
		AA6732931DE93849003ABD4E /* Resources */ = {
			isa = PBXResourcesBuildPhase;
			buildActionMask = 2147483647;
			files = (
			);
			runOnlyForDeploymentPostprocessing = 0;
		};
		AA67329B1DE93849003ABD4E /* Resources */ = {
			isa = PBXResourcesBuildPhase;
			buildActionMask = 2147483647;
			files = (
			);
			runOnlyForDeploymentPostprocessing = 0;
		};
		D8346A481D0B5FB200717A7D /* Resources */ = {
			isa = PBXResourcesBuildPhase;
			buildActionMask = 2147483647;
			files = (
			);
			runOnlyForDeploymentPostprocessing = 0;
		};
		D8346A521D0B5FB300717A7D /* Resources */ = {
			isa = PBXResourcesBuildPhase;
			buildActionMask = 2147483647;
			files = (
			);
			runOnlyForDeploymentPostprocessing = 0;
		};
/* End PBXResourcesBuildPhase section */

/* Begin PBXSourcesBuildPhase section */
		39C34063214C442900E11D82 /* Sources */ = {
			isa = PBXSourcesBuildPhase;
			buildActionMask = 2147483647;
			files = (
				39C34064214C442900E11D82 /* JSONResponse.swift in Sources */,
				39C34065214C442900E11D82 /* WebApp.swift in Sources */,
				39C34066214C442900E11D82 /* SWGIWebApp.swift in Sources */,
				39C34067214C442900E11D82 /* JSONReader.swift in Sources */,
				39C34068214C442900E11D82 /* Router.swift in Sources */,
				39C34069214C442900E11D82 /* DelayResponse.swift in Sources */,
				39C3406A214C442900E11D82 /* DataReader.swift in Sources */,
				39C3406B214C442900E11D82 /* URLParametersReader.swift in Sources */,
				39C3406C214C442900E11D82 /* DataResponse.swift in Sources */,
			);
			runOnlyForDeploymentPostprocessing = 0;
		};
		39C34079214C442B00E11D82 /* Sources */ = {
			isa = PBXSourcesBuildPhase;
			buildActionMask = 2147483647;
			files = (
				39C3407A214C442B00E11D82 /* JSONReaderTests.swift in Sources */,
				39C3407B214C442B00E11D82 /* URLParametersReaderTests.swift in Sources */,
				39C3407C214C442B00E11D82 /* DataReaderTests.swift in Sources */,
				39C3407D214C442B00E11D82 /* JSONResponseTests.swift in Sources */,
				39C3407E214C442B00E11D82 /* RouterTests.swift in Sources */,
				39C3407F214C442B00E11D82 /* DataResponseTests.swift in Sources */,
			);
			runOnlyForDeploymentPostprocessing = 0;
		};
		AA6732901DE93849003ABD4E /* Sources */ = {
			isa = PBXSourcesBuildPhase;
			buildActionMask = 2147483647;
			files = (
				AA6732B31DE938DC003ABD4E /* Router.swift in Sources */,
				AA6732AF1DE938DC003ABD4E /* JSONReader.swift in Sources */,
				AA6732AD1DE938DC003ABD4E /* JSONResponse.swift in Sources */,
				829EE9B81FB8BCB30087A27D /* DelayResponse.swift in Sources */,
				AA6732B11DE938DC003ABD4E /* WebApp.swift in Sources */,
				AA6732B01DE938DC003ABD4E /* URLParametersReader.swift in Sources */,
				AA6732AE1DE938DC003ABD4E /* DataReader.swift in Sources */,
				AA6732B21DE938DC003ABD4E /* SWGIWebApp.swift in Sources */,
				AA6732AC1DE938DC003ABD4E /* DataResponse.swift in Sources */,
			);
			runOnlyForDeploymentPostprocessing = 0;
		};
		AA6732991DE93849003ABD4E /* Sources */ = {
			isa = PBXSourcesBuildPhase;
			buildActionMask = 2147483647;
			files = (
				AA6732B61DE938E1003ABD4E /* DataReaderTests.swift in Sources */,
				AA6732B71DE938E1003ABD4E /* JSONReaderTests.swift in Sources */,
				AA6732B81DE938E1003ABD4E /* URLParametersReaderTests.swift in Sources */,
				AA6732B41DE938E1003ABD4E /* DataResponseTests.swift in Sources */,
				AA6732B91DE938E1003ABD4E /* RouterTests.swift in Sources */,
				AA6732B51DE938E1003ABD4E /* JSONResponseTests.swift in Sources */,
			);
			runOnlyForDeploymentPostprocessing = 0;
		};
		D8346A451D0B5FB200717A7D /* Sources */ = {
			isa = PBXSourcesBuildPhase;
			buildActionMask = 2147483647;
			files = (
				D8346A711D0B633700717A7D /* JSONResponse.swift in Sources */,
				D8346A681D0B619C00717A7D /* WebApp.swift in Sources */,
				D89711A21D25C0F2003DEB8D /* SWGIWebApp.swift in Sources */,
				D8346A6F1D0B62F300717A7D /* JSONReader.swift in Sources */,
				D8346A731D0B636300717A7D /* Router.swift in Sources */,
				D8346A8D1D0B7A4600717A7D /* DelayResponse.swift in Sources */,
				D8346A6B1D0B627300717A7D /* DataReader.swift in Sources */,
				D8346A6D1D0B62D400717A7D /* URLParametersReader.swift in Sources */,
				D8346A661D0B616C00717A7D /* DataResponse.swift in Sources */,
			);
			runOnlyForDeploymentPostprocessing = 0;
		};
		D8346A501D0B5FB300717A7D /* Sources */ = {
			isa = PBXSourcesBuildPhase;
			buildActionMask = 2147483647;
			files = (
				D8346A871D0B73B800717A7D /* JSONReaderTests.swift in Sources */,
				D8346A891D0B745A00717A7D /* URLParametersReaderTests.swift in Sources */,
				D8346A851D0B728300717A7D /* DataReaderTests.swift in Sources */,
				D8346A831D0B6DC800717A7D /* JSONResponseTests.swift in Sources */,
				D8346A8B1D0B777700717A7D /* RouterTests.swift in Sources */,
				D8346A5A1D0B5FB300717A7D /* DataResponseTests.swift in Sources */,
			);
			runOnlyForDeploymentPostprocessing = 0;
		};
/* End PBXSourcesBuildPhase section */

/* Begin PBXTargetDependency section */
		39C34077214C442B00E11D82 /* PBXTargetDependency */ = {
			isa = PBXTargetDependency;
			target = D8346A491D0B5FB200717A7D /* Ambassador-iOS */;
			targetProxy = 39C34078214C442B00E11D82 /* PBXContainerItemProxy */;
		};
		AA6732A01DE93849003ABD4E /* PBXTargetDependency */ = {
			isa = PBXTargetDependency;
			target = AA6732941DE93849003ABD4E /* Ambassador-macOS */;
			targetProxy = AA67329F1DE93849003ABD4E /* PBXContainerItemProxy */;
		};
		D8346A571D0B5FB300717A7D /* PBXTargetDependency */ = {
			isa = PBXTargetDependency;
			target = D8346A491D0B5FB200717A7D /* Ambassador-iOS */;
			targetProxy = D8346A561D0B5FB300717A7D /* PBXContainerItemProxy */;
		};
/* End PBXTargetDependency section */

/* Begin XCBuildConfiguration section */
		39C34072214C442900E11D82 /* Debug */ = {
			isa = XCBuildConfiguration;
			buildSettings = {
				CLANG_ENABLE_MODULES = YES;
				"CODE_SIGN_IDENTITY[sdk=iphoneos*]" = "";
				DEFINES_MODULE = YES;
				DYLIB_COMPATIBILITY_VERSION = 1;
				DYLIB_CURRENT_VERSION = 1;
				DYLIB_INSTALL_NAME_BASE = "@rpath";
				FRAMEWORK_SEARCH_PATHS = (
					"$(inherited)",
					"$(PROJECT_DIR)/Carthage/Build/iOS",
					"$(PROJECT_DIR)/Carthage/Build/tvOS",
				);
				INFOPLIST_FILE = Ambassador/Info.plist;
				INSTALL_PATH = "$(LOCAL_LIBRARY_DIR)/Frameworks";
				LD_RUNPATH_SEARCH_PATHS = "$(inherited) @executable_path/Frameworks @loader_path/Frameworks";
				PRODUCT_BUNDLE_IDENTIFIER = com.envoy.Ambassador;
				PRODUCT_NAME = Ambassador;
				SDKROOT = appletvos;
				SKIP_INSTALL = YES;
				SWIFT_OPTIMIZATION_LEVEL = "-Onone";
				TARGETED_DEVICE_FAMILY = 3;
				TVOS_DEPLOYMENT_TARGET = 11.0;
			};
			name = Debug;
		};
		39C34073214C442900E11D82 /* Release */ = {
			isa = XCBuildConfiguration;
			buildSettings = {
				CLANG_ENABLE_MODULES = YES;
				"CODE_SIGN_IDENTITY[sdk=iphoneos*]" = "";
				DEFINES_MODULE = YES;
				DYLIB_COMPATIBILITY_VERSION = 1;
				DYLIB_CURRENT_VERSION = 1;
				DYLIB_INSTALL_NAME_BASE = "@rpath";
				FRAMEWORK_SEARCH_PATHS = (
					"$(inherited)",
					"$(PROJECT_DIR)/Carthage/Build/iOS",
					"$(PROJECT_DIR)/Carthage/Build/tvOS",
				);
				INFOPLIST_FILE = Ambassador/Info.plist;
				INSTALL_PATH = "$(LOCAL_LIBRARY_DIR)/Frameworks";
				LD_RUNPATH_SEARCH_PATHS = "$(inherited) @executable_path/Frameworks @loader_path/Frameworks";
				PRODUCT_BUNDLE_IDENTIFIER = com.envoy.Ambassador;
				PRODUCT_NAME = Ambassador;
				SDKROOT = appletvos;
				SKIP_INSTALL = YES;
				TARGETED_DEVICE_FAMILY = 3;
				TVOS_DEPLOYMENT_TARGET = 11.0;
			};
			name = Release;
		};
		39C34084214C442B00E11D82 /* Debug */ = {
			isa = XCBuildConfiguration;
			buildSettings = {
				INFOPLIST_FILE = AmbassadorTests/Info.plist;
				LD_RUNPATH_SEARCH_PATHS = "$(inherited) @executable_path/Frameworks @loader_path/Frameworks";
				PRODUCT_BUNDLE_IDENTIFIER = "com.envoy.Ambassador-iOSTests";
				PRODUCT_NAME = "$(TARGET_NAME)";
				SDKROOT = appletvos;
				TARGETED_DEVICE_FAMILY = 3;
			};
			name = Debug;
		};
		39C34085214C442B00E11D82 /* Release */ = {
			isa = XCBuildConfiguration;
			buildSettings = {
				INFOPLIST_FILE = AmbassadorTests/Info.plist;
				LD_RUNPATH_SEARCH_PATHS = "$(inherited) @executable_path/Frameworks @loader_path/Frameworks";
				PRODUCT_BUNDLE_IDENTIFIER = "com.envoy.Ambassador-iOSTests";
				PRODUCT_NAME = "$(TARGET_NAME)";
				SDKROOT = appletvos;
				TARGETED_DEVICE_FAMILY = 3;
			};
			name = Release;
		};
		AA6732A61DE93849003ABD4E /* Debug */ = {
			isa = XCBuildConfiguration;
			buildSettings = {
				CLANG_WARN_DOCUMENTATION_COMMENTS = YES;
				CLANG_WARN_SUSPICIOUS_MOVES = YES;
				CODE_SIGN_IDENTITY = "-";
				COMBINE_HIDPI_IMAGES = YES;
				DEFINES_MODULE = YES;
				DYLIB_COMPATIBILITY_VERSION = 1;
				DYLIB_CURRENT_VERSION = 1;
				DYLIB_INSTALL_NAME_BASE = "@rpath";
				FRAMEWORK_VERSION = A;
				INFOPLIST_FILE = Ambassador/Info.plist;
				INSTALL_PATH = "$(LOCAL_LIBRARY_DIR)/Frameworks";
				LD_RUNPATH_SEARCH_PATHS = "$(inherited) @executable_path/../Frameworks @loader_path/Frameworks";
				MACOSX_DEPLOYMENT_TARGET = 10.12;
				PRODUCT_BUNDLE_IDENTIFIER = com.envoy.Ambassador;
				PRODUCT_NAME = Ambassador;
				SDKROOT = macosx;
				SKIP_INSTALL = YES;
				SWIFT_ACTIVE_COMPILATION_CONDITIONS = DEBUG;
			};
			name = Debug;
		};
		AA6732A71DE93849003ABD4E /* Release */ = {
			isa = XCBuildConfiguration;
			buildSettings = {
				CLANG_WARN_DOCUMENTATION_COMMENTS = YES;
				CLANG_WARN_SUSPICIOUS_MOVES = YES;
				CODE_SIGN_IDENTITY = "-";
				COMBINE_HIDPI_IMAGES = YES;
				DEFINES_MODULE = YES;
				DYLIB_COMPATIBILITY_VERSION = 1;
				DYLIB_CURRENT_VERSION = 1;
				DYLIB_INSTALL_NAME_BASE = "@rpath";
				FRAMEWORK_VERSION = A;
				INFOPLIST_FILE = Ambassador/Info.plist;
				INSTALL_PATH = "$(LOCAL_LIBRARY_DIR)/Frameworks";
				LD_RUNPATH_SEARCH_PATHS = "$(inherited) @executable_path/../Frameworks @loader_path/Frameworks";
				MACOSX_DEPLOYMENT_TARGET = 10.12;
				PRODUCT_BUNDLE_IDENTIFIER = com.envoy.Ambassador;
				PRODUCT_NAME = Ambassador;
				SDKROOT = macosx;
				SKIP_INSTALL = YES;
			};
			name = Release;
		};
		AA6732A81DE93849003ABD4E /* Debug */ = {
			isa = XCBuildConfiguration;
			buildSettings = {
				ALWAYS_EMBED_SWIFT_STANDARD_LIBRARIES = YES;
				CLANG_WARN_DOCUMENTATION_COMMENTS = YES;
				CLANG_WARN_SUSPICIOUS_MOVES = YES;
				CODE_SIGN_IDENTITY = "-";
				COMBINE_HIDPI_IMAGES = YES;
				INFOPLIST_FILE = AmbassadorTests/Info.plist;
				LD_RUNPATH_SEARCH_PATHS = "$(inherited) @executable_path/../Frameworks @loader_path/../Frameworks";
				MACOSX_DEPLOYMENT_TARGET = 10.12;
				PRODUCT_BUNDLE_IDENTIFIER = "com.envoy.Ambassador-macOSTests";
				PRODUCT_NAME = "$(TARGET_NAME)";
				SDKROOT = macosx;
				SWIFT_ACTIVE_COMPILATION_CONDITIONS = DEBUG;
			};
			name = Debug;
		};
		AA6732A91DE93849003ABD4E /* Release */ = {
			isa = XCBuildConfiguration;
			buildSettings = {
				ALWAYS_EMBED_SWIFT_STANDARD_LIBRARIES = YES;
				CLANG_WARN_DOCUMENTATION_COMMENTS = YES;
				CLANG_WARN_SUSPICIOUS_MOVES = YES;
				CODE_SIGN_IDENTITY = "-";
				COMBINE_HIDPI_IMAGES = YES;
				INFOPLIST_FILE = AmbassadorTests/Info.plist;
				LD_RUNPATH_SEARCH_PATHS = "$(inherited) @executable_path/../Frameworks @loader_path/../Frameworks";
				MACOSX_DEPLOYMENT_TARGET = 10.12;
				PRODUCT_BUNDLE_IDENTIFIER = "com.envoy.Ambassador-macOSTests";
				PRODUCT_NAME = "$(TARGET_NAME)";
				SDKROOT = macosx;
			};
			name = Release;
		};
		D8346A5C1D0B5FB300717A7D /* Debug */ = {
			isa = XCBuildConfiguration;
			buildSettings = {
				ALWAYS_SEARCH_USER_PATHS = NO;
				CLANG_ANALYZER_NONNULL = YES;
				CLANG_CXX_LANGUAGE_STANDARD = "gnu++0x";
				CLANG_CXX_LIBRARY = "libc++";
				CLANG_ENABLE_MODULES = YES;
				CLANG_ENABLE_OBJC_ARC = YES;
				CLANG_WARN_BLOCK_CAPTURE_AUTORELEASING = YES;
				CLANG_WARN_BOOL_CONVERSION = YES;
				CLANG_WARN_COMMA = YES;
				CLANG_WARN_CONSTANT_CONVERSION = YES;
				CLANG_WARN_DIRECT_OBJC_ISA_USAGE = YES_ERROR;
				CLANG_WARN_EMPTY_BODY = YES;
				CLANG_WARN_ENUM_CONVERSION = YES;
				CLANG_WARN_INFINITE_RECURSION = YES;
				CLANG_WARN_INT_CONVERSION = YES;
				CLANG_WARN_NON_LITERAL_NULL_CONVERSION = YES;
				CLANG_WARN_OBJC_LITERAL_CONVERSION = YES;
				CLANG_WARN_OBJC_ROOT_CLASS = YES_ERROR;
				CLANG_WARN_RANGE_LOOP_ANALYSIS = YES;
				CLANG_WARN_STRICT_PROTOTYPES = YES;
				CLANG_WARN_SUSPICIOUS_MOVE = YES;
				CLANG_WARN_UNREACHABLE_CODE = YES;
				CLANG_WARN__DUPLICATE_METHOD_MATCH = YES;
				"CODE_SIGN_IDENTITY[sdk=iphoneos*]" = "iPhone Developer";
				COPY_PHASE_STRIP = NO;
				CURRENT_PROJECT_VERSION = 1;
				DEBUG_INFORMATION_FORMAT = dwarf;
				ENABLE_STRICT_OBJC_MSGSEND = YES;
				ENABLE_TESTABILITY = YES;
				GCC_C_LANGUAGE_STANDARD = gnu99;
				GCC_DYNAMIC_NO_PIC = NO;
				GCC_NO_COMMON_BLOCKS = YES;
				GCC_OPTIMIZATION_LEVEL = 0;
				GCC_PREPROCESSOR_DEFINITIONS = (
					"DEBUG=1",
					"$(inherited)",
				);
				GCC_WARN_64_TO_32_BIT_CONVERSION = YES;
				GCC_WARN_ABOUT_RETURN_TYPE = YES_ERROR;
				GCC_WARN_UNDECLARED_SELECTOR = YES;
				GCC_WARN_UNINITIALIZED_AUTOS = YES_AGGRESSIVE;
				GCC_WARN_UNUSED_FUNCTION = YES;
				GCC_WARN_UNUSED_VARIABLE = YES;
				IPHONEOS_DEPLOYMENT_TARGET = 9.3;
				MTL_ENABLE_DEBUG_INFO = YES;
				ONLY_ACTIVE_ARCH = YES;
				SDKROOT = iphoneos;
				SWIFT_OPTIMIZATION_LEVEL = "-Onone";
				SWIFT_SWIFT3_OBJC_INFERENCE = Off;
				SWIFT_VERSION = 4.0;
				TARGETED_DEVICE_FAMILY = "1,2";
				VERSIONING_SYSTEM = "apple-generic";
				VERSION_INFO_PREFIX = "";
			};
			name = Debug;
		};
		D8346A5D1D0B5FB300717A7D /* Release */ = {
			isa = XCBuildConfiguration;
			buildSettings = {
				ALWAYS_SEARCH_USER_PATHS = NO;
				CLANG_ANALYZER_NONNULL = YES;
				CLANG_CXX_LANGUAGE_STANDARD = "gnu++0x";
				CLANG_CXX_LIBRARY = "libc++";
				CLANG_ENABLE_MODULES = YES;
				CLANG_ENABLE_OBJC_ARC = YES;
				CLANG_WARN_BLOCK_CAPTURE_AUTORELEASING = YES;
				CLANG_WARN_BOOL_CONVERSION = YES;
				CLANG_WARN_COMMA = YES;
				CLANG_WARN_CONSTANT_CONVERSION = YES;
				CLANG_WARN_DIRECT_OBJC_ISA_USAGE = YES_ERROR;
				CLANG_WARN_EMPTY_BODY = YES;
				CLANG_WARN_ENUM_CONVERSION = YES;
				CLANG_WARN_INFINITE_RECURSION = YES;
				CLANG_WARN_INT_CONVERSION = YES;
				CLANG_WARN_NON_LITERAL_NULL_CONVERSION = YES;
				CLANG_WARN_OBJC_LITERAL_CONVERSION = YES;
				CLANG_WARN_OBJC_ROOT_CLASS = YES_ERROR;
				CLANG_WARN_RANGE_LOOP_ANALYSIS = YES;
				CLANG_WARN_STRICT_PROTOTYPES = YES;
				CLANG_WARN_SUSPICIOUS_MOVE = YES;
				CLANG_WARN_UNREACHABLE_CODE = YES;
				CLANG_WARN__DUPLICATE_METHOD_MATCH = YES;
				"CODE_SIGN_IDENTITY[sdk=iphoneos*]" = "iPhone Developer";
				COPY_PHASE_STRIP = NO;
				CURRENT_PROJECT_VERSION = 1;
				DEBUG_INFORMATION_FORMAT = "dwarf-with-dsym";
				ENABLE_NS_ASSERTIONS = NO;
				ENABLE_STRICT_OBJC_MSGSEND = YES;
				GCC_C_LANGUAGE_STANDARD = gnu99;
				GCC_NO_COMMON_BLOCKS = YES;
				GCC_WARN_64_TO_32_BIT_CONVERSION = YES;
				GCC_WARN_ABOUT_RETURN_TYPE = YES_ERROR;
				GCC_WARN_UNDECLARED_SELECTOR = YES;
				GCC_WARN_UNINITIALIZED_AUTOS = YES_AGGRESSIVE;
				GCC_WARN_UNUSED_FUNCTION = YES;
				GCC_WARN_UNUSED_VARIABLE = YES;
				IPHONEOS_DEPLOYMENT_TARGET = 9.3;
				MTL_ENABLE_DEBUG_INFO = NO;
				SDKROOT = iphoneos;
				SWIFT_OPTIMIZATION_LEVEL = "-Owholemodule";
				SWIFT_SWIFT3_OBJC_INFERENCE = Off;
				SWIFT_VERSION = 4.0;
				TARGETED_DEVICE_FAMILY = "1,2";
				VALIDATE_PRODUCT = YES;
				VERSIONING_SYSTEM = "apple-generic";
				VERSION_INFO_PREFIX = "";
			};
			name = Release;
		};
		D8346A5F1D0B5FB300717A7D /* Debug */ = {
			isa = XCBuildConfiguration;
			buildSettings = {
				CLANG_ENABLE_MODULES = YES;
				"CODE_SIGN_IDENTITY[sdk=iphoneos*]" = "";
				DEFINES_MODULE = YES;
				DYLIB_COMPATIBILITY_VERSION = 1;
				DYLIB_CURRENT_VERSION = 1;
				DYLIB_INSTALL_NAME_BASE = "@rpath";
				FRAMEWORK_SEARCH_PATHS = (
					"$(inherited)",
					"$(PROJECT_DIR)/Carthage/Build/iOS",
				);
				INFOPLIST_FILE = Ambassador/Info.plist;
				INSTALL_PATH = "$(LOCAL_LIBRARY_DIR)/Frameworks";
				LD_RUNPATH_SEARCH_PATHS = "$(inherited) @executable_path/Frameworks @loader_path/Frameworks";
				PRODUCT_BUNDLE_IDENTIFIER = com.envoy.Ambassador;
				PRODUCT_NAME = Ambassador;
				SKIP_INSTALL = YES;
				SWIFT_OPTIMIZATION_LEVEL = "-Onone";
			};
			name = Debug;
		};
		D8346A601D0B5FB300717A7D /* Release */ = {
			isa = XCBuildConfiguration;
			buildSettings = {
				CLANG_ENABLE_MODULES = YES;
				"CODE_SIGN_IDENTITY[sdk=iphoneos*]" = "";
				DEFINES_MODULE = YES;
				DYLIB_COMPATIBILITY_VERSION = 1;
				DYLIB_CURRENT_VERSION = 1;
				DYLIB_INSTALL_NAME_BASE = "@rpath";
				FRAMEWORK_SEARCH_PATHS = (
					"$(inherited)",
					"$(PROJECT_DIR)/Carthage/Build/iOS",
				);
				INFOPLIST_FILE = Ambassador/Info.plist;
				INSTALL_PATH = "$(LOCAL_LIBRARY_DIR)/Frameworks";
				LD_RUNPATH_SEARCH_PATHS = "$(inherited) @executable_path/Frameworks @loader_path/Frameworks";
				PRODUCT_BUNDLE_IDENTIFIER = com.envoy.Ambassador;
				PRODUCT_NAME = Ambassador;
				SKIP_INSTALL = YES;
			};
			name = Release;
		};
		D8346A621D0B5FB300717A7D /* Debug */ = {
			isa = XCBuildConfiguration;
			buildSettings = {
				INFOPLIST_FILE = AmbassadorTests/Info.plist;
				LD_RUNPATH_SEARCH_PATHS = "$(inherited) @executable_path/Frameworks @loader_path/Frameworks";
				PRODUCT_BUNDLE_IDENTIFIER = "com.envoy.Ambassador-iOSTests";
				PRODUCT_NAME = "$(TARGET_NAME)";
			};
			name = Debug;
		};
		D8346A631D0B5FB300717A7D /* Release */ = {
			isa = XCBuildConfiguration;
			buildSettings = {
				INFOPLIST_FILE = AmbassadorTests/Info.plist;
				LD_RUNPATH_SEARCH_PATHS = "$(inherited) @executable_path/Frameworks @loader_path/Frameworks";
				PRODUCT_BUNDLE_IDENTIFIER = "com.envoy.Ambassador-iOSTests";
				PRODUCT_NAME = "$(TARGET_NAME)";
			};
			name = Release;
		};
/* End XCBuildConfiguration section */

/* Begin XCConfigurationList section */
		39C34071214C442900E11D82 /* Build configuration list for PBXNativeTarget "Ambassador-tvOS" */ = {
			isa = XCConfigurationList;
			buildConfigurations = (
				39C34072214C442900E11D82 /* Debug */,
				39C34073214C442900E11D82 /* Release */,
			);
			defaultConfigurationIsVisible = 0;
			defaultConfigurationName = Release;
		};
		39C34083214C442B00E11D82 /* Build configuration list for PBXNativeTarget "Ambassador-tvOSTests" */ = {
			isa = XCConfigurationList;
			buildConfigurations = (
				39C34084214C442B00E11D82 /* Debug */,
				39C34085214C442B00E11D82 /* Release */,
			);
			defaultConfigurationIsVisible = 0;
			defaultConfigurationName = Release;
		};
		AA6732AA1DE93849003ABD4E /* Build configuration list for PBXNativeTarget "Ambassador-macOS" */ = {
			isa = XCConfigurationList;
			buildConfigurations = (
				AA6732A61DE93849003ABD4E /* Debug */,
				AA6732A71DE93849003ABD4E /* Release */,
			);
			defaultConfigurationIsVisible = 0;
			defaultConfigurationName = Release;
		};
		AA6732AB1DE93849003ABD4E /* Build configuration list for PBXNativeTarget "Ambassador-macOSTests" */ = {
			isa = XCConfigurationList;
			buildConfigurations = (
				AA6732A81DE93849003ABD4E /* Debug */,
				AA6732A91DE93849003ABD4E /* Release */,
			);
			defaultConfigurationIsVisible = 0;
			defaultConfigurationName = Release;
		};
		D8346A441D0B5FB200717A7D /* Build configuration list for PBXProject "Ambassador" */ = {
			isa = XCConfigurationList;
			buildConfigurations = (
				D8346A5C1D0B5FB300717A7D /* Debug */,
				D8346A5D1D0B5FB300717A7D /* Release */,
			);
			defaultConfigurationIsVisible = 0;
			defaultConfigurationName = Release;
		};
		D8346A5E1D0B5FB300717A7D /* Build configuration list for PBXNativeTarget "Ambassador-iOS" */ = {
			isa = XCConfigurationList;
			buildConfigurations = (
				D8346A5F1D0B5FB300717A7D /* Debug */,
				D8346A601D0B5FB300717A7D /* Release */,
			);
			defaultConfigurationIsVisible = 0;
			defaultConfigurationName = Release;
		};
		D8346A611D0B5FB300717A7D /* Build configuration list for PBXNativeTarget "Ambassador-iOSTests" */ = {
			isa = XCConfigurationList;
			buildConfigurations = (
				D8346A621D0B5FB300717A7D /* Debug */,
				D8346A631D0B5FB300717A7D /* Release */,
			);
			defaultConfigurationIsVisible = 0;
			defaultConfigurationName = Release;
		};
/* End XCConfigurationList section */
	};
	rootObject = D8346A411D0B5FB200717A7D /* Project object */;
}
